---
lockfileVersion: '9.0'

importers:

  .:
    configDependencies: {}
    packageManagerDependencies:
      '@pnpm/exe':
        specifier: 11.25.0
        version: 11.25.0
      pnpm:
        specifier: 11.25.0
        version: 11.25.0

packages:

  '@pnpm/exe@11.25.0':
    resolution: {integrity: sha512-X19R2uC+VAJ4UJQE9c/PCdOXbDaWnZtad7WUrTHBFQuMVaK9MAHbyO/WgahQCuRtTmJkLbxcWKKCk+JeTYFm/g==}
    hasBin: true

  '@pnpm/linux-arm64@11.25.0':
    resolution: {integrity: sha512-ra8akqhzsbcOhKSJ9fFV8H+Oc9uGQAcp/XmIBEdT+8hPPoZCit3+RNCHmg8bLoNvpSLtRvZE0WFCMj7WyzxeBA==}
    cpu: [arm64]
    os: [linux]

  '@pnpm/linux-x64@11.25.0':
    resolution: {integrity: sha512-pQl/L10diKQCbF73viRrtVU8qVWMTudUCSG1uZ+EWBNKtU9Sbxe6Q378diXDb1uTwSgUVMQoypxlC1MTzh7qvQ==}
    cpu: [x64]
    os: [linux]

  '@pnpm/linuxstatic-arm64@11.25.0':
    resolution: {integrity: sha512-cYcrbB/xN1N6/5VUlFuHblb1gNyJgZv1CF5Pk1T0sHJxQMY4DFJV3OqHVAgahxyUfSTaQcVLvH1H2JFvd/+sgw==}
    cpu: [arm64]
    os: [linux]
    libc: [musl]

  '@pnpm/linuxstatic-x64@11.25.0':
    resolution: {integrity: sha512-HXDtaeQod16DDMUUcVLIMxvEc1jKn7IYsNPwbwAPs/Je/d3umRPJi3Ejjdn6e9qpXN6Oon+yvSsJr7B9oDt6KA==}
    cpu: [x64]
    os: [linux]
    libc: [musl]

  '@pnpm/macos-arm64@11.25.0':
    resolution: {integrity: sha512-m/eAgEqKhiSexGxWPHNXNnSRI0hudymg6K7LbrU2EoDs9IgJ28OKEz9mGxMzhkYBweEquR4k5teMNes/aToy9w==}
    cpu: [arm64]
    os: [darwin]

  '@pnpm/win-arm64@11.25.0':
    resolution: {integrity: sha512-oAeECbtZ+eJziaBmPUkwJM8Dx7KVQ5FO367AXTjD2HGfB5ob1Bcu5hoUF5RBTgDBiP9fRQ1u13uAEpqar/6NLA==}
    cpu: [arm64]
    os: [win32]

  '@pnpm/win-x64@11.25.0':
    resolution: {integrity: sha512-8/n+wCc0a8TRYTMFqti93Vh0cscdJ25xfMyYSDdXrLUh2ccxSFuS+SE7cNPjd/nOXoFAJvdW0kwfbyRPLa16/w==}
    cpu: [x64]
    os: [win32]

  '@reflink/reflink-darwin-arm64@0.1.19':
    resolution: {integrity: sha512-ruy44Lpepdk1FqDz38vExBY/PVUsjxZA+chd9wozjUH9JjuDT/HEaQYA6wYN9mf041l0yLVar6BCZuWABJvHSA==}
    engines: {node: '>= 10'}
    cpu: [arm64]
    os: [darwin]

  '@reflink/reflink-darwin-x64@0.1.19':
    resolution: {integrity: sha512-By85MSWrMZa+c26TcnAy8SDk0sTUkYlNnwknSchkhHpGXOtjNDUOxJE9oByBnGbeuIE1PiQsxDG3Ud+IVV9yuA==}
    engines: {node: '>= 10'}
    cpu: [x64]
    os: [darwin]

  '@reflink/reflink-linux-arm64-gnu@0.1.19':
    resolution: {integrity: sha512-7P+er8+rP9iNeN+bfmccM4hTAaLP6PQJPKWSA4iSk2bNvo6KU6RyPgYeHxXmzNKzPVRcypZQTpFgstHam6maVg==}
    engines: {node: '>= 10'}
    cpu: [arm64]
    os: [linux]
    libc: [glibc]

  '@reflink/reflink-linux-arm64-musl@0.1.19':
    resolution: {integrity: sha512-37iO/Dp6m5DDaC2sf3zPtx/hl9FV3Xze4xoYidrxxS9bgP3S8ALroxRK6xBG/1TtfXKTvolvp+IjrUU6ujIGmA==}
    engines: {node: '>= 10'}
    cpu: [arm64]
    os: [linux]
    libc: [musl]

  '@reflink/reflink-linux-x64-gnu@0.1.19':
    resolution: {integrity: sha512-jbI8jvuYCaA3MVUdu8vLoLAFqC+iNMpiSuLbxlAgg7x3K5bsS8nOpTRnkLF7vISJ+rVR8W+7ThXlXlUQ93ulkw==}
    engines: {node: '>= 10'}
    cpu: [x64]
    os: [linux]
    libc: [glibc]

  '@reflink/reflink-linux-x64-musl@0.1.19':
    resolution: {integrity: sha512-e9FBWDe+lv7QKAwtKOt6A2W/fyy/aEEfr0g6j/hWzvQcrzHCsz07BNQYlNOjTfeytrtLU7k449H1PI95jA4OjQ==}
    engines: {node: '>= 10'}
    cpu: [x64]
    os: [linux]
    libc: [musl]

  '@reflink/reflink-win32-arm64-msvc@0.1.19':
    resolution: {integrity: sha512-09PxnVIQcd+UOn4WAW73WU6PXL7DwGS6wPlkMhMg2zlHHG65F3vHepOw06HFCq+N42qkaNAc8AKIabWvtk6cIQ==}
    engines: {node: '>= 10'}
    cpu: [arm64]
    os: [win32]

  '@reflink/reflink-win32-x64-msvc@0.1.19':
    resolution: {integrity: sha512-E//yT4ni2SyhwP8JRjVGWr3cbnhWDiPLgnQ66qqaanjjnMiu3O/2tjCPQXlcGc/DEYofpDc9fvhv6tALQsMV9w==}
    engines: {node: '>= 10'}
    cpu: [x64]
    os: [win32]

  '@reflink/reflink@0.1.19':
    resolution: {integrity: sha512-DmCG8GzysnCZ15bres3N5AHCmwBwYgp0As6xjhQ47rAUTUXxJiK+lLUxaGsX3hd/30qUpVElh05PbGuxRPgJwA==}
    engines: {node: '>= 10'}

  detect-libc@2.1.2:
    resolution: {integrity: sha512-Btj2BOOO83o3WyH59e8MgXsxEQVcarkUOpEYrubB0urwnN10yQ364rsiByU11nZlqWYZm05i/of7io4mzihBtQ==}
    engines: {node: '>=8'}

  pnpm@11.25.0:
    resolution: {integrity: sha512-XN6SW08HX3Jetx+64YpC/+eEUkeJ8ZthxzHLhyHsKKruFg4BqNWvT+2ypCzb8wDv4j2zVrDUoXtNY+EfirfJVg==}
    engines: {node: '>=22.13'}
    hasBin: true

snapshots:

  '@pnpm/exe@11.25.0':
    dependencies:
      '@reflink/reflink': 0.1.19
      detect-libc: 2.1.2
    optionalDependencies:
      '@pnpm/linux-arm64': 11.25.0
      '@pnpm/linux-x64': 11.25.0
      '@pnpm/linuxstatic-arm64': 11.25.0
      '@pnpm/linuxstatic-x64': 11.25.0
      '@pnpm/macos-arm64': 11.25.0
      '@pnpm/win-arm64': 11.25.0
      '@pnpm/win-x64': 11.25.0

  '@pnpm/linux-arm64@11.25.0':
    optional: true

  '@pnpm/linux-x64@11.25.0':
    optional: true

  '@pnpm/linuxstatic-arm64@11.25.0':
    optional: true

  '@pnpm/linuxstatic-x64@11.25.0':
    optional: true

  '@pnpm/macos-arm64@11.25.0':
    optional: true

  '@pnpm/win-arm64@11.25.0':
    optional: true

  '@pnpm/win-x64@11.25.0':
    optional: true

  '@reflink/reflink-darwin-arm64@0.1.19':
    optional: true

  '@reflink/reflink-darwin-x64@0.1.19':
    optional: true

  '@reflink/reflink-linux-arm64-gnu@0.1.19':
    optional: true

  '@reflink/reflink-linux-arm64-musl@0.1.19':
    optional: true

  '@reflink/reflink-linux-x64-gnu@0.1.19':
    optional: true

  '@reflink/reflink-linux-x64-musl@0.1.19':
    optional: true

  '@reflink/reflink-win32-arm64-msvc@0.1.19':
    optional: true

  '@reflink/reflink-win32-x64-msvc@0.1.19':
    optional: true

  '@reflink/reflink@0.1.19':
    optionalDependencies:
      '@reflink/reflink-darwin-arm64': 0.1.19
      '@reflink/reflink-darwin-x64': 0.1.19
      '@reflink/reflink-linux-arm64-gnu': 0.1.19
      '@reflink/reflink-linux-arm64-musl': 0.1.19
      '@reflink/reflink-linux-x64-gnu': 0.1.19
      '@reflink/reflink-linux-x64-musl': 0.1.19
      '@reflink/reflink-win32-arm64-msvc': 0.1.19
      '@reflink/reflink-win32-x64-msvc': 0.1.19

  detect-libc@2.1.2: {}

  pnpm@11.25.0: {}

---
lockfileVersion: '9.0'

settings:
  autoInstallPeers: true
  excludeLinksFromLockfile: false

importers:

  .:
    devDependencies:
      cssnano:
        specifier: ^9.5.0
        version: 9.5.0(postcss@8.5.29)
      postcss:
        specifier: ^8.5.29
        version: 8.5.29
      postcss-cli:
        specifier: ^12.0.0
        version: 12.0.0(postcss@8.5.29)
      postcss-import:
        specifier: ^17.0.0
        version: 17.0.0(postcss@8.5.29)

packages:

  '@colordx/core@7.3.0':
    resolution: {integrity: sha512-LVzTTPhX7wpy7TkGjouA9zbbCBIw92RGm7ZQqSKFE0oYE3sMx2FGXz90eVpgw7k/+wrrY+qJ86nHXifZWMS5jA==}

  '@csstools/css-tokenizer@4.0.2':
    resolution: {integrity: sha512-OoKoR0f76dCY666JlcbhmVTs2drYj1GUXZTYTcbUgJjh9Nv41aFfZ21bPQTERm5+L5cBDo466NltB2lplS5GBw==}
    engines: {node: '>=20.19.0'}

  ansi-regex@6.4.0:
    resolution: {integrity: sha512-KzTVk2tCWAHtYrvvvaP8bJKJq2pVinhLcGEQdtLIYPbmNGNyYe8QwNaTUYQp2J7/vIsUKt5QCqAfUkYyG9DkOw==}
    engines: {node: '>=12'}

  ansi-styles@6.2.3:
    resolution: {integrity: sha512-4Dj6M28JB+oAH8kFkTLUo+a2jwOFkuqb3yucU0CANcRRUbxS0cP0nZYCGjcc3BNXwRIsUVmDGgzawme7zvJHvg==}
    engines: {node: '>=12'}

  baseline-browser-mapping@2.11.28:
    resolution: {integrity: sha512-br0LOmjJqr6Rt4AEkadbcNf67Zpo7EPwKsWbjnRrJIa1QYFHQBqM4C7F2WTbV8ahTEcg1Eo+Y0aWjjORInYFyA==}
    engines: {node: '>=6.0.0'}
    hasBin: true

  boolbase@1.0.0:
    resolution: {integrity: sha512-JZOSA7Mo9sNGB8+UjSgzdLtokWAky1zbztM3WRLCbZ70/3cTANmQmOdR7y2g+J0e2WXywy1yS468tY+IruqEww==}

  browserslist@4.29.3:
    resolution: {integrity: sha512-1R4kiYKXGViqEN0CnoDrXc1StD9niAwu+j2dukWzrD4bJgsD4lDmEp0CRbc6E/vYJIfTHwPmwyaKtVSudICdPA==}
    engines: {node: ^6 || ^7 || ^8 || ^9 || ^10 || ^11 || ^12 || >=13.7}
    hasBin: true

  caniuse-api@4.0.0:
    resolution: {integrity: sha512-B0hQ1OLyJuHTQSOWXvwibWqM6DCoqJdvBA6X1S/53bd4XU7LJ1yurIPlrsouol3mw1jh9pGI4ivubSpmJeIqCA==}

  caniuse-lite@1.0.30001815:
    resolution: {integrity: sha512-uDybUEyfgbyJJ93J1vikTylBX31AkdVYeVPeffMQpf8XN7hSfr0oZOn4VFOIMNvtU5+rHvC5Udg2TgtJKHm23Q==}

  chokidar@5.0.0:
    resolution: {integrity: sha512-TQMmc3w+5AxjpL8iIiwebF73dRDF4fBIieAqGn9RGCWaEVwQ6Fb2cGe31Yns0RRIzii5goJ1Y7xbMwo1TxMplw==}
    engines: {node: '>= 20.19.0'}

  cliui@9.0.1:
    resolution: {integrity: sha512-k7ndgKhwoQveBL+/1tqGJYNz097I7WOvwbmmU2AR5+magtbjPWQTS1C5vzGkBC8Ym8UWRzfKUzUUqFLypY4Q+w==}
    engines: {node: '>=20'}

  commander@11.1.0:
    resolution: {integrity: sha512-yPVavfyCcRhmorC7rWlkHn15b4wDVgVmBA7kV4QVBsF7kv/9TKJAbAXVTxvTnwP8HHKjRCJDClKbciiYS7p0DQ==}
    engines: {node: '>=16'}

  css-select@6.0.0:
    resolution: {integrity: sha512-rZZVSLle8v0+EY8QAkDWrKhpgt6SA5OtHsgBnsj6ZaLb5dmDVOWUDtQitd9ydxxvEjhewNudS6eTVU7uOyzvXw==}

  css-tree@2.2.1:
    resolution: {integrity: sha512-OA0mILzGc1kCOCSJerOeqDxDQ4HOh+G8NbOJFOTgOCzpw7fCBubk0fEyxp8AgOL/jvLgYA/uV0cMbe43ElF1JA==}
    engines: {node: ^10 || ^12.20.0 || ^14.13.0 || >=15.0.0, npm: '>=7.0.0'}

  css-tree@3.2.1:
    resolution: {integrity: sha512-X7sjQzceUhu1u7Y/ylrRZFU2FS6LRiFVp6rKLPg23y3x3c3DOKAwuXGDp+PAGjh6CSnCjYeAul8pcT8bAl+lSA==}
    engines: {node: ^10 || ^12.20.0 || ^14.13.0 || >=15.0.0}

  css-what@7.0.0:
    resolution: {integrity: sha512-wD5oz5xibMOPHzy13CyGmogB3phdvcDaB5t0W/Nr5Z2O/agcB8YwOz6e2Lsp10pNDzBoDO9nVa3RGs/2BttpHQ==}
    engines: {node: '>= 6'}

  cssesc@3.0.0:
    resolution: {integrity: sha512-/Tb/JcjK111nNScGob5MNtsntNM1aCNUDipB/TkwZFhyDrrE47SOx/18wF2bbjgc3ZzCSKW1T5nt5EbFoAz/Vg==}
    engines: {node: '>=4'}
    hasBin: true

  cssnano-preset-default@9.5.0:
    resolution: {integrity: sha512-gubPgjwbJLttmWV5LuRn2HBJ1a84XNXqEsEj1gZ57rqyMzo/c96BZ6BdybyrrI2AwUfWNFcrxG2ZKPEcvUlvNw==}
    engines: {node: ^22.22.3 || ^24.15.0 || >=26.0}
    peerDependencies:
      postcss: ^8.5.29

  cssnano-utils@8.2.1:
    resolution: {integrity: sha512-ZdZOIbZdO6bDQbRAEdZKsWuaRD00sAltCSkSx0ipDjAc1THTV01Lw3NVAYMrgYbb4Yz3hySIpCHi+x0qUGzohA==}
    engines: {node: ^22.22.3 || ^24.15.0 || >=26.0}
    peerDependencies:
      postcss: ^8.5.29

  cssnano@9.5.0:
    resolution: {integrity: sha512-PlL7BWzHLWAgOyK9dohMmi0g4TwmsCwc3oxLsxa8S1UMaXLawaP0yle0/8X6nKC/ojk7vE38meARlwz7/Q5BAQ==}
    engines: {node: ^22.22.3 || ^24.15.0 || >=26.0}
    peerDependencies:
      postcss: ^8.5.29

  csso@5.0.5:
    resolution: {integrity: sha512-0LrrStPOdJj+SPCCrGhzryycLjwcgUSHBtxNA8aIDxf0GLsRh1cKYhB00Gd1lDOS4yGH69+SNn13+TWbVHETFQ==}
    engines: {node: ^10 || ^12.20.0 || ^14.13.0 || >=15.0.0, npm: '>=7.0.0'}

  dependency-graph@1.0.0:
    resolution: {integrity: sha512-cW3gggJ28HZ/LExwxP2B++aiKxhJXMSIt9K48FOXQkm+vuG5gyatXnLsONRJdzO/7VfjDIiaOOa/bs4l464Lwg==}
    engines: {node: '>=4'}

  dom-serializer@2.0.0:
    resolution: {integrity: sha512-wIkAryiqt/nV5EQKqQpo3SToSOV9J0DnbJqwK7Wv/Trc92zIAYZ4FlMu+JPFW1DfGFt81ZTCGgDEabffXeLyJg==}

  domelementtype@2.3.0:
    resolution: {integrity: sha512-OLETBj6w0OsagBwdXnPdN0cnMfF9opN69co+7ZrbfPGrdpPVNBUj02spi6B1N7wChLQiPn4CSH/zJvXw56gmHw==}

  domhandler@5.0.3:
    resolution: {integrity: sha512-cgwlv/1iFQiFnU96XXgROh8xTeetsnJiDsTc7TYCLFd9+/WNkIqPTxiM/8pSd8VIrhXGTf1Ny1q1hquVqDJB5w==}
    engines: {node: '>= 4'}

  domutils@3.2.2:
    resolution: {integrity: sha512-6kZKyUajlDuqlHKVX1w7gyslj9MPIXzIFiz/rGu35uC1wMi+kMhQwGhl4lt9unC9Vb9INnY9Z3/ZA3+FhASLaw==}

  electron-to-chromium@1.5.452:
    resolution: {integrity: sha512-cVvk1YBSj6571VmV6hdJTqj94Y79xSu8cj6Y9t6ae4Y4431z8/7EJFvu3rVp90xhfuv9BpPKUmaLfTo4+FOGBg==}

  emoji-regex@10.6.0:
    resolution: {integrity: sha512-toUI84YS5YmxW219erniWD0CIVOo46xGKColeNQRgOzDorgBi1v4D71/OFzgD9GO2UGKIv1C3Sp8DAn0+j5w7A==}

  entities@4.5.0:
    resolution: {integrity: sha512-V0hjH4dGPh9Ao5p0MoRY6BVqtwCjhz6vI5LT8AJ55H+4g9/4vbHx1I54fS0XuclLhDHArPQCiMjDxjaL8fPxhw==}
    engines: {node: '>=0.12'}

  es-errors@1.3.0:
    resolution: {integrity: sha512-Zf5H2Kxt2xjTvbJvP2ZWLEICxA6j+hAmMzIlypy4xcBg1vKVnx89Wy0GbS+kf5cwCVFFzdCFh2XSCFNULS6csw==}
    engines: {node: '>= 0.4'}

  escalade@3.2.0:
    resolution: {integrity: sha512-WUj2qlxaQtO4g6Pq5c29GTcWGDyd8itL8zTlipgECz3JesAiiOKotd8JU6otB3PACgG6xkJUyVhboMS+bje/jA==}
    engines: {node: '>=6'}

  fdir@6.5.0:
    resolution: {integrity: sha512-tIbYtZbucOs0BRGqPJkshJUYdL+SDH7dVM8gjy+ERp3WAUjLEFJE+02kanyHtwjWOnwrKYBiwAmM0p4kLJAnXg==}
    engines: {node: '>=12.0.0'}
    peerDependencies:
      picomatch: ^3 || ^4
    peerDependenciesMeta:
      picomatch:
        optional: true

  function-bind@1.1.2:
    resolution: {integrity: sha512-7XHNxH7qX9xG5mIwxkhumTox/MIRNcOgDrxWsMt2pAr23WHp6MrRlN7FBSFpCpr+oVO0F744iUgR82nJMfG2SA==}

  get-caller-file@2.0.5:
    resolution: {integrity: sha512-DyFP3BM/3YHTQOCUL/w0OZHR0lpKeGrxotcHWcqNEdnltqFwXVfhEBQ94eIo34AfQpo0rGki4cyIiftY06h2Fg==}
    engines: {node: 6.* || 8.* || >= 10.*}

  get-east-asian-width@1.7.0:
    resolution: {integrity: sha512-XjH1AECxf0giL2V1aU8vKyRR2ppRUb5c0EvT7zuJTokQ74bNo52zOtghqdWIqrhUD79fo3x0WfKZdOqxF6LG1Q==}
    engines: {node: '>=18'}

  hasown@2.0.4:
    resolution: {integrity: sha512-T2UbfbBEF32wiepXIsMlTW9+dDYC6wMh/t/vYA4tuOMKqWz/n3vr1NFSxQiyP+zk2mXsoMA/i/7qV6LKut1t1A==}
    engines: {node: '>= 0.4'}

  is-core-module@2.17.0:
    resolution: {integrity: sha512-J/vG0zBCbIKOQFfufSwyXdMrsohyJIUNkrnmo6WZGzoM7tr/lsbfW5b2BvisL6zsyMzK9UxV9L6c7AoFbyXHOA==}
    engines: {node: '>= 0.4'}

  lilconfig@3.1.3:
    resolution: {integrity: sha512-/vlFKAoH5Cgt3Ie+JLhRbwOsCQePABiU3tJ1egGvyQ+33R/vcwM2Zl2QR/LzjsBeItPt3oSVXapn+m4nQDvpzw==}
    engines: {node: '>=14'}

  mdn-data@2.0.28:
    resolution: {integrity: sha512-aylIc7Z9y4yzHYAJNuESG3hfhC+0Ibp/MAMiaOZgNv4pmEdFyfZhhhny4MNiAfWdBQ1RQ2mfDWmM1x8SvGyp8g==}

  mdn-data@2.27.1:
    resolution: {integrity: sha512-9Yubnt3e8A0OKwxYSXyhLymGW4sCufcLG6VdiDdUGVkPhpqLxlvP5vl1983gQjJl3tqbrM731mjaZaP68AgosQ==}

  nanoid@3.3.20:
    resolution: {integrity: sha512-uKdg2G3GNCKQn9byYOpxbGqrT2fGO5KRt5J/8b3pok8rT6qxGWF6hxMyJiEYtAf+FVyYuD9hRaDqX5uPFYJ4ZQ==}
    engines: {node: ^10 || ^12 || ^13.7 || ^14 || >=15.0.1}
    hasBin: true

  node-releases@2.0.58:
    resolution: {integrity: sha512-BdiKAgbfRlvfMq/XzO/AF9NPmaA8a+YpLAyAFTVFBj3gARrAIfWvNq7Q7NE4se3KgFu0KkrvQMxTS0XVnsGzHg==}
    engines: {node: '>=18'}

  nth-check@2.1.1:
    resolution: {integrity: sha512-lqjrjmaOoAnWfMmBPL+XNnynZh2+swxiX3WUE0s4yEHI6m+AwrK2UZOimIRl3X/4QctVqS8AiZjFqyOGrMXb/w==}

  path-parse@1.0.7:
    resolution: {integrity: sha512-LDJzPVEEEPR+y48z93A0Ed0yXb8pAByGWo/k5YYdYgpY2/2EsOsksJrq7lOHxryrVOn1ejG6oAp8ahvOIQD8sw==}

  picocolors@1.1.1:
    resolution: {integrity: sha512-xceH2snhtb5M9liqDsmEw56le376mTZkEX/jEb/RxNFyegNul7eNslCXP9FDj/Lcu0X8KEyMceP2ntpaHrDEVA==}

  picomatch@4.0.7:
    resolution: {integrity: sha512-qcJu88Q2IWqJsDD529JKMdwGm/dvInW4HvQnRwiH9JtihJvzGOscDtHE3x1pBKeUOTysQ8kVmLnJ2kJu7yhcGA==}
    engines: {node: '>=12'}

  postcss-calc@11.2.2:
    resolution: {integrity: sha512-wSquceGIY20fnsXcdIYtzW0r34aoXlT6iDYpYKpgR5Ax/KCZMDteE54Z+4Ee24ryYkjnRU5F3cxvhRfNp6t5VA==}
    engines: {node: ^22.22.3 || ^24.15 || >=26.0}
    peerDependencies:
      postcss: ^8.5.28

  postcss-cli@12.0.0:
    resolution: {integrity: sha512-57J2u1NuXuqGXftaK9JFEr/J3vtLzWpdN+RHs8GeeKUlvX7PU18VQJA57t0Rzf4CmbSfQApCwJIPrSFanQu5tQ==}
    engines: {node: '>=22'}
    hasBin: true
    peerDependencies:
      postcss: ^8.0.0

  postcss-colormin@9.0.7:
    resolution: {integrity: sha512-3pQKlwdbY9gcRFC97Nc1XgoW5e7MZI9euzzb6AZEZFejnLrzucaNSqadRZSkCCnBzXbS/1ihJ9Feawn+5FrFmw==}
    engines: {node: ^22.22.3 || ^24.15.0 || >=26.0}
    peerDependencies:
      postcss: ^8.5.29

  postcss-convert-values@9.0.8:
    resolution: {integrity: sha512-KjOiKWDlE0wjJibcn+fEvhzRpaftPbrnqldLT8FiYKXDX8x8Xiap38l0gD5kQzrkgGCoHE+CJzYecwbRk07NBQ==}
    engines: {node: ^22.22.3 || ^24.15.0 || >=26.0}
    peerDependencies:
      postcss: ^8.5.29

  postcss-discard-comments@9.0.7:
    resolution: {integrity: sha512-+D9KEeLfphB8DYOkfZFvCkDK9A3vc/hKIQfAKtyDXo15+VKuYb0h2i+ehPWJdif3wImf3AZcN4SkXZ+IHDvqGg==}
    engines: {node: ^22.22.3 || ^24.15.0 || >=26.0}
    peerDependencies:
      postcss: ^8.5.29

  postcss-discard-duplicates@9.0.6:
    resolution: {integrity: sha512-YPsUgxZ4OepCttAaixZQ4/VP2DE7vuf5936R+HFda+qgB+mzWNwUI+ghGendy3YLH5WDYS/BbPJbJAsjVd8Sfg==}
    engines: {node: ^22.22.3 || ^24.15.0 || >=26.0}
    peerDependencies:
      postcss: ^8.5.29

  postcss-discard-empty@9.0.7:
    resolution: {integrity: sha512-+Hnvh0x+yyDg9X8g42m12M0MUvfTeeyjsJjOwXQ281sJVgD1naWUsF3ji+SmxUrCmeNOPtSgeL8LBlfyEXNTlA==}
    engines: {node: ^22.22.3 || ^24.15.0 || >=26.0}
    peerDependencies:
      postcss: ^8.5.29

  postcss-discard-overridden@9.0.6:
    resolution: {integrity: sha512-9wT4dst0GdTpi3QWh/UP6ft1UiRhqNCfCKvyB4THpYzsHdpF7r2QduDBdeNUlVsgqaQhvzs+r43z3ZVZFequzQ==}
    engines: {node: ^22.22.3 || ^24.15.0 || >=26.0}
    peerDependencies:
      postcss: ^8.5.29

  postcss-import@17.0.0:
    resolution: {integrity: sha512-qzVMJhcq39KweT7Fp0HcjE5YxL5yI854Q3CtufxDuZKO9HLQUp2rptB9+U0MIj3pT1ZEVXoqnpeC1mSkfYuz4Q==}
    engines: {node: '>=22.0.0'}
    peerDependencies:
      postcss: ^8.0.0

  postcss-load-config@6.0.1:
    resolution: {integrity: sha512-oPtTM4oerL+UXmx+93ytZVN82RrlY/wPUV8IeDxFrzIjXOLF1pN+EmKPLbubvKHT2HC20xXsCAH2Z+CKV6Oz/g==}
    engines: {node: '>= 18'}
    peerDependencies:
      jiti: '>=1.21.0'
      postcss: '>=8.0.9'
      tsx: ^4.8.1
      yaml: ^2.4.2
    peerDependenciesMeta:
      jiti:
        optional: true
      postcss:
        optional: true
      tsx:
        optional: true
      yaml:
        optional: true

  postcss-merge-longhand@9.3.0:
    resolution: {integrity: sha512-8x6X2Gv07dQPfXNY0RNg1WZsnNLJmNk66fZ4MgpznqA3YhNygtK/Vi3ZumpR0PHRc9H50v850NMTeoSPS+FLRQ==}
    engines: {node: ^22.22.3 || ^24.15.0 || >=26.0}
    peerDependencies:
      postcss: ^8.5.29

  postcss-merge-rules@9.1.3:
    resolution: {integrity: sha512-KKzmq/jC3h0wQo6s20AYw8FBcyCRDMMMP1SHozOZyfA/TSd+ECRtBgfel0Dami5Z3st3Fig3kZDHV8bcSrY35g==}
    engines: {node: ^22.22.3 || ^24.15.0 || >=26.0}
    peerDependencies:
      postcss: ^8.5.29

  postcss-minify-font-values@9.0.8:
    resolution: {integrity: sha512-JtJTBUC7W0WQOdmyo5UlJ2i+5ZmP8+XAlkbp+yCiC/kGI9jMgQjVGBO8Rx4sQ7tl4ygrJ0EcLBXozQmwQd+jzw==}
    engines: {node: ^22.22.3 || ^24.15.0 || >=26.0}
    peerDependencies:
      postcss: ^8.5.29

  postcss-minify-gradients@9.0.7:
    resolution: {integrity: sha512-xkbOxiCQGNFi1Cn48Mv/OVpmomEQx8st7uu5kG7TBXUC9Mi0Sy406N6iYJkhJQP64GG13LVWB4nmxlmNs3+7Wg==}
    engines: {node: ^22.22.3 || ^24.15.0 || >=26.0}
    peerDependencies:
      postcss: ^8.5.29

  postcss-minify-params@9.0.7:
    resolution: {integrity: sha512-jBYKPaUr6+mosG/hnVFPmbkYB7eGosw3vOuK7K1eCihIa28jQjZVL4Su50/gA3612gHpE86DctsQXOdeqxiTqQ==}
    engines: {node: ^22.22.3 || ^24.15.0 || >=26.0}
    peerDependencies:
      postcss: ^8.5.29

  postcss-minify-selectors@9.0.7:
    resolution: {integrity: sha512-2KWzOYuNbRXQEN1iSBljqmvHs4ZOtAJPop7Uq5OpwF8v1z92EtmcK3aZUJx4NKcoGwa1FQoPtMEvlvnOJQXRww==}
    engines: {node: ^22.22.3 || ^24.15.0 || >=26.0}
    peerDependencies:
      postcss: ^8.5.29

  postcss-normalize-charset@9.0.6:
    resolution: {integrity: sha512-H336j3ofJ5nM6TLW1nbKHj3zIMtGkycfS0KetU1cmcTtTwQ0f9CvdLVZUmBja6+IO3xuqMogjkYtB91K2slshQ==}
    engines: {node: ^22.22.3 || ^24.15.0 || >=26.0}
    peerDependencies:
      postcss: ^8.5.29

  postcss-normalize-display-values@9.0.6:
    resolution: {integrity: sha512-7NEn6H4nF+UHfjjlpr+OTJW9O9qqtcOebGM/4sHvpM5KSYOGgJcDznvwgklgeoXAyjxxkIRfKGFMB/6Hv7tH8Q==}
    engines: {node: ^22.22.3 || ^24.15.0 || >=26.0}
    peerDependencies:
      postcss: ^8.5.29

  postcss-normalize-positions@9.0.7:
    resolution: {integrity: sha512-6VEVY9u7fhaqGydZ3rgvDfudHsHOEX3/gCTo7Csi7hssRvxjNWPqyw1aqa99ZfAgSyzF/fEZMQv5I5jLavAdVw==}
    engines: {node: ^22.22.3 || ^24.15.0 || >=26.0}
    peerDependencies:
      postcss: ^8.5.29

  postcss-normalize-repeat-style@9.0.6:
    resolution: {integrity: sha512-Gcc59B9JjRpDyOe394L3oZdBMycmUB0nf60awo7fSxqyYX9vRzHaBUmNMnrhXqdzjyFXBuw7sdPaAlm+UR/h5A==}
    engines: {node: ^22.22.3 || ^24.15.0 || >=26.0}
    peerDependencies:
      postcss: ^8.5.29

  postcss-normalize-string@9.0.6:
    resolution: {integrity: sha512-jhSo3E2hh9WUkJTLT6D+5hBE3f9NXgQVgG9xDcpWpAb3/mTJL5EqKWJzbvn9tHozyp2kXr5ohOaNWzSl4MClnQ==}
    engines: {node: ^22.22.3 || ^24.15.0 || >=26.0}
    peerDependencies:
      postcss: ^8.5.29

  postcss-normalize-timing-functions@9.0.6:
    resolution: {integrity: sha512-kq7Mxte8lvfJXWezPtFAYJyUe4BJi4aYIBTVPlWU7FgHL+ye/RYg325JIuddaLLCYtSZToPdXvvsFR4SRKhQMg==}
    engines: {node: ^22.22.3 || ^24.15.0 || >=26.0}
    peerDependencies:
      postcss: ^8.5.29

  postcss-normalize-unicode@9.1.0:
    resolution: {integrity: sha512-RuEXyPVtC+hyqpdfCiIZSBO1x2/kgTDqWJX0srNLjTTiikwbdQAM1B57241o5tAu7zqpwPwct16ChJqYQiFlyQ==}
    engines: {node: ^22.22.3 || ^24.15.0 || >=26.0}
    peerDependencies:
      postcss: ^8.5.29

  postcss-normalize-url@9.0.6:
    resolution: {integrity: sha512-fQyF4hY1BRjFw9IoShVwTEwVN4q8TsVT9d6GwHgv+DpUfEfYfsNHgtkjkgEA/GMhIeSLoOyCZYusiNDvy2Qa8A==}
    engines: {node: ^22.22.3 || ^24.15.0 || >=26.0}
    peerDependencies:
      postcss: ^8.5.29

  postcss-normalize-whitespace@9.0.7:
    resolution: {integrity: sha512-nwKlSuaZ4x1Bfo6ajgCDvZDSX7wZv4vnRnHiLhcKaurP6/nD1zEtt7Dm/y9GvcmPqNHH8llwW8zJC8YEFTFcRA==}
    engines: {node: ^22.22.3 || ^24.15.0 || >=26.0}
    peerDependencies:
      postcss: ^8.5.29

  postcss-ordered-values@9.0.8:
    resolution: {integrity: sha512-gj+jUyii6pnKXuJVPl6Cbb7OfOSVhuKP5m8L5Vhyx+sxLPyhxazG20e3bkmnuDrU/EEwduUHFuJ94ZDE/JIhKQ==}
    engines: {node: ^22.22.3 || ^24.15.0 || >=26.0}
    peerDependencies:
      postcss: ^8.5.29

  postcss-reduce-initial@9.0.7:
    resolution: {integrity: sha512-5mnNVdVCf7tI1j2uYtiopoLZ6Dm+M7y4Fz32STAtTEZa7LbOf44zYBYduwd952xXshTJkRHpT2Q2UmK+XLo5ew==}
    engines: {node: ^22.22.3 || ^24.15.0 || >=26.0}
    peerDependencies:
      postcss: ^8.5.29

  postcss-reduce-transforms@9.0.5:
    resolution: {integrity: sha512-i8WpWt778MTL3j2zoqhtVLQ54NsiCsUrNxpQh/JD+U+lH+BT4olrRUEofnlf0wGzd6U/s0TWqFr2FsSVxrIzzQ==}
    engines: {node: ^22.22.3 || ^24.15.0 || >=26.0}
    peerDependencies:
      postcss: ^8.5.29

  postcss-reporter@7.1.0:
    resolution: {integrity: sha512-/eoEylGWyy6/DOiMP5lmFRdmDKThqgn7D6hP2dXKJI/0rJSO1ADFNngZfDzxL0YAxFvws+Rtpuji1YIHj4mySA==}
    engines: {node: '>=10'}
    peerDependencies:
      postcss: ^8.1.0

  postcss-svgo@9.0.5:
    resolution: {integrity: sha512-JpqUBFOnJSQ4qhbk1JvigVPnhROL6zjDCUcPWf9PZ8qwntr3dM5xUgkr9gaDNkU5kaVXyOC8fUNUCpY7x4P09A==}
    engines: {node: ^22.22.3 || ^24.15.0 || >=26.0}
    peerDependencies:
      postcss: ^8.5.29

  postcss-unique-selectors@9.0.6:
    resolution: {integrity: sha512-mhXCmLZbqDtzM2JbtjGP36555/aob2fbOXSW8cP0SiNtssVSKB8aG7EbiAhVZKV/toJLqKJm1ayWArvzc5+huA==}
    engines: {node: ^22.22.3 || ^24.15.0 || >=26.0}
    peerDependencies:
      postcss: ^8.5.29

  postcss-value-parser@4.2.0:
    resolution: {integrity: sha512-1NNCs6uurfkVbeXG4S8JFT9t19m45ICnif8zWLd5oPSZ50QnwMfK+H3jv408d4jw/7Bttv5axS5IiHoLaVNHeQ==}

  postcss@8.5.29:
    resolution: {integrity: sha512-49cGhUbXj8Qenv0iTMxA1cFBzxXoctpC9Ujd77t1WcbJIr6nF/eI7g/8MgxrYldFRuAXvja7xQRwavoW7kgrxQ==}
    engines: {node: ^10 || ^12 || >=14}

  pretty-hrtime@1.0.3:
    resolution: {integrity: sha512-66hKPCr+72mlfiSjlEB1+45IjXSqvVAIy6mocupoww4tBFE9R9IhwwUGoI4G++Tc9Aq+2rxOt0RFU6gPcrte0A==}
    engines: {node: '>= 0.8'}

  read-cache@1.0.2:
    resolution: {integrity: sha512-/peqiBB/n07gQGLsWaHho3WfvUyRscw0gYTsEFMhrIe/nWLkYaf5SbKYjGYqtRV3aPwykJgF2VEMo1ac4bnsGA==}

  readdirp@5.1.1:
    resolution: {integrity: sha512-Kko+Y5XQ6fM+Ce3dq3m9YGxnacYZYl9cA1wZjaF3Vbry2L3i1qVg8+CAgNPsXRArPMUMCaOR7oa9Nqntc43JKA==}
    engines: {node: '>= 20.19.0'}

  resolve@1.22.13:
    resolution: {integrity: sha512-Dj/cW9zBV2aRj6XzCxuGIs3ESZKv02jixne3q6jFZYZ3/Tg09gHHviSMDL4kObh9pqSahdRHEnDoaP2gn8YLhA==}
    engines: {node: '>= 0.4'}
    hasBin: true

  sax@1.6.1:
    resolution: {integrity: sha512-42tBVwLWnaQvW5zc4HbZrTuWccECCZfBi92FDuwtqxasH+JbPB3/FOKb1m222K42R4WxuxzzMsTswfzgtSu64Q==}
    engines: {node: '>=11.0.0'}

  slash@5.1.0:
    resolution: {integrity: sha512-ZA6oR3T/pEyuqwMgAKT0/hAv8oAXckzbkmR0UkUosQ+Mc4RxGoJkRmwHgHufaenlyAgE1Mxgpdcrf75y6XcnDg==}
    engines: {node: '>=14.16'}

  source-map-js@1.2.2:
    resolution: {integrity: sha512-KGj/8Y43x35aZVDtt+J4mK1hoLGHULMYfSkODJNQjNDC3oW1PqPoxMwo0pLUsWM/UEGzON/NxeHywEfNXNP3Vw==}
    engines: {node: '>=0.10.0'}

  string-width@7.2.0:
    resolution: {integrity: sha512-tsaTIkKW9b4N+AEj+SVA+WhJzV7/zMhcSu78mLKWSk7cXMOSHsBKFWUs0fWwq8QyK3MgJBQRX6Gbi4kYbdvGkQ==}
    engines: {node: '>=18'}

  string-width@8.3.0:
    resolution: {integrity: sha512-ZbmZM0JCihQN91dWnxoipT2KOEyHqEyfRXUyjuRhW8b/xnqPDoq4gWEVApTVa9db2wN8mmoikgFBbjh71+cGeQ==}
    engines: {node: '>=20'}

  strip-ansi@7.2.0:
    resolution: {integrity: sha512-yDPMNjp4WyfYBkHnjIRLfca1i6KMyGCtsVgoKe/z1+6vukgaENdgGBZt+ZmKPc4gavvEZ5OgHfHdrazhgNyG7w==}
    engines: {node: '>=12'}

  stylehacks@9.0.8:
    resolution: {integrity: sha512-PIopN/yo+/Queh2lTvJLQuXJ5yrqxWk6fQTN10daJVjnEaqkM+i+IjQdc8Jzl2fnJ8Ngq1vb57vI0hoLkKs22w==}
    engines: {node: ^22.22.3 || ^24.15.0 || >=26.0}
    peerDependencies:
      postcss: ^8.5.29

  supports-preserve-symlinks-flag@1.0.0:
    resolution: {integrity: sha512-ot0WnXS9fgdkgIcePe6RHNk1WA8+muPa6cSjeR3V8K27q9BB1rTE3R1p7Hv0z1ZyAc8s6Vvv8DIyWf681MAt0w==}
    engines: {node: '>= 0.4'}

  svgo@4.1.0:
    resolution: {integrity: sha512-bkxnTg1kSU0guhIBmibA6UUhrQmPVA1XsQLN+ylCd+UWzbnLkySOcXpyk1mrl05f+pcaCx2eHb+sp6BgMZWX+Q==}
    engines: {node: '>=16'}
    hasBin: true

  thenby@1.4.1:
    resolution: {integrity: sha512-D5a/bO0KdalOE3q8MlrRmSxjbKZHT3MQmXkJP+r97Vw8MMwOZKOwUSEyTtK7eSMj2y0kyAjpYMRMZmmLw1FtNQ==}

  tinyglobby@0.2.17:
    resolution: {integrity: sha512-wXR/dYpcqKmfWpEdZjiKJOwCNFndD0DMnrW/cYjVGttEkBfVgcLFHoNrlj47mjOVic9yyNu65alsgF4NQyTa2g==}
    engines: {node: '>=12.0.0'}

  update-browserslist-db@1.3.4:
    resolution: {integrity: sha512-t8wonIOdQyOjtPd2VktlBu6QjTVTks6v8bSi7kd0r2Vll8TK1JYDZtRRdbmCHOAMphkZgrzK+L+vXK4pyZ8t4A==}
    hasBin: true
    peerDependencies:
      browserslist: '>= 4.21.0'

  wrap-ansi@9.0.2:
    resolution: {integrity: sha512-42AtmgqjV+X1VpdOfyTGOYRi0/zsoLqtXQckTmqTeybT+BDIbM/Guxo7x3pE2vtpr1ok6xRqM9OpBe+Jyoqyww==}
    engines: {node: '>=18'}

  y18n@5.0.8:
    resolution: {integrity: sha512-0pfFzegeDWJHJIAmTLRP2DwHjdF5s7jo9tuztdQxAhINCdvS+3nGINqPd00AphqJR/0LhANUS6/+7SCb98YOfA==}
    engines: {node: '>=10'}

  yargs-parser@22.0.0:
    resolution: {integrity: sha512-rwu/ClNdSMpkSrUb+d6BRsSkLUq1fmfsY6TOpYzTwvwkg1/NRG85KBy3kq++A8LKQwX6lsu+aWad+2khvuXrqw==}
    engines: {node: ^20.19.0 || ^22.12.0 || >=23}

  yargs@18.2.0:
    resolution: {integrity: sha512-9OpKOLeaoNFecEp7P6iYbzze/5CqWoH7N3SMs/6y1XF4nMvFMspEGZzJ6uFi9MmQwXhyzqYoSEKO3tvA3Z/o2w==}
    engines: {node: ^20.19.0 || ^22.12.0 || >=23}

snapshots:

  '@colordx/core@7.3.0': {}

  '@csstools/css-tokenizer@4.0.2': {}

  ansi-regex@6.4.0: {}

  ansi-styles@6.2.3: {}

  baseline-browser-mapping@2.11.28: {}

  boolbase@1.0.0: {}

  browserslist@4.29.3:
    dependencies:
      baseline-browser-mapping: 2.11.28
      caniuse-lite: 1.0.30001815
      electron-to-chromium: 1.5.452
      node-releases: 2.0.58
      update-browserslist-db: 1.3.4(browserslist@4.29.3)

  caniuse-api@4.0.0:
    dependencies:
      browserslist: 4.29.3
      caniuse-lite: 1.0.30001815

  caniuse-lite@1.0.30001815: {}

  chokidar@5.0.0:
    dependencies:
      readdirp: 5.1.1

  cliui@9.0.1:
    dependencies:
      string-width: 7.2.0
      strip-ansi: 7.2.0
      wrap-ansi: 9.0.2

  commander@11.1.0: {}

  css-select@6.0.0:
    dependencies:
      boolbase: 1.0.0
      css-what: 7.0.0
      domhandler: 5.0.3
      domutils: 3.2.2
      nth-check: 2.1.1

  css-tree@2.2.1:
    dependencies:
      mdn-data: 2.0.28
      source-map-js: 1.2.2

  css-tree@3.2.1:
    dependencies:
      mdn-data: 2.27.1
      source-map-js: 1.2.2

  css-what@7.0.0: {}

  cssesc@3.0.0: {}

  cssnano-preset-default@9.5.0(postcss@8.5.29):
    dependencies:
      browserslist: 4.29.3
      cssnano-utils: 8.2.1(postcss@8.5.29)
      postcss: 8.5.29
      postcss-calc: 11.2.2(postcss@8.5.29)
      postcss-colormin: 9.0.7(postcss@8.5.29)
      postcss-convert-values: 9.0.8(postcss@8.5.29)
      postcss-discard-comments: 9.0.7(postcss@8.5.29)
      postcss-discard-duplicates: 9.0.6(postcss@8.5.29)
      postcss-discard-empty: 9.0.7(postcss@8.5.29)
      postcss-discard-overridden: 9.0.6(postcss@8.5.29)
      postcss-merge-longhand: 9.3.0(postcss@8.5.29)
      postcss-merge-rules: 9.1.3(postcss@8.5.29)
      postcss-minify-font-values: 9.0.8(postcss@8.5.29)
      postcss-minify-gradients: 9.0.7(postcss@8.5.29)
      postcss-minify-params: 9.0.7(postcss@8.5.29)
      postcss-minify-selectors: 9.0.7(postcss@8.5.29)
      postcss-normalize-charset: 9.0.6(postcss@8.5.29)
      postcss-normalize-display-values: 9.0.6(postcss@8.5.29)
      postcss-normalize-positions: 9.0.7(postcss@8.5.29)
      postcss-normalize-repeat-style: 9.0.6(postcss@8.5.29)
      postcss-normalize-string: 9.0.6(postcss@8.5.29)
      postcss-normalize-timing-functions: 9.0.6(postcss@8.5.29)
      postcss-normalize-unicode: 9.1.0(postcss@8.5.29)
      postcss-normalize-url: 9.0.6(postcss@8.5.29)
      postcss-normalize-whitespace: 9.0.7(postcss@8.5.29)
      postcss-ordered-values: 9.0.8(postcss@8.5.29)
      postcss-reduce-initial: 9.0.7(postcss@8.5.29)
      postcss-reduce-transforms: 9.0.5(postcss@8.5.29)
      postcss-svgo: 9.0.5(postcss@8.5.29)
      postcss-unique-selectors: 9.0.6(postcss@8.5.29)

  cssnano-utils@8.2.1(postcss@8.5.29):
    dependencies:
      '@csstools/css-tokenizer': 4.0.2
      postcss: 8.5.29

  cssnano@9.5.0(postcss@8.5.29):
    dependencies:
      cssnano-preset-default: 9.5.0(postcss@8.5.29)
      postcss: 8.5.29

  csso@5.0.5:
    dependencies:
      css-tree: 2.2.1

  dependency-graph@1.0.0: {}

  dom-serializer@2.0.0:
    dependencies:
      domelementtype: 2.3.0
      domhandler: 5.0.3
      entities: 4.5.0

  domelementtype@2.3.0: {}

  domhandler@5.0.3:
    dependencies:
      domelementtype: 2.3.0

  domutils@3.2.2:
    dependencies:
      dom-serializer: 2.0.0
      domelementtype: 2.3.0
      domhandler: 5.0.3

  electron-to-chromium@1.5.452: {}

  emoji-regex@10.6.0: {}

  entities@4.5.0: {}

  es-errors@1.3.0: {}

  escalade@3.2.0: {}

  fdir@6.5.0(picomatch@4.0.7):
    optionalDependencies:
      picomatch: 4.0.7

  function-bind@1.1.2: {}

  get-caller-file@2.0.5: {}

  get-east-asian-width@1.7.0: {}

  hasown@2.0.4:
    dependencies:
      function-bind: 1.1.2

  is-core-module@2.17.0:
    dependencies:
      hasown: 2.0.4

  lilconfig@3.1.3: {}

  mdn-data@2.0.28: {}

  mdn-data@2.27.1: {}

  nanoid@3.3.20: {}

  node-releases@2.0.58: {}

  nth-check@2.1.1:
    dependencies:
      boolbase: 1.0.0

  path-parse@1.0.7: {}

  picocolors@1.1.1: {}

  picomatch@4.0.7: {}

  postcss-calc@11.2.2(postcss@8.5.29):
    dependencies:
      '@csstools/css-tokenizer': 4.0.2
      postcss: 8.5.29

  postcss-cli@12.0.0(postcss@8.5.29):
    dependencies:
      chokidar: 5.0.0
      dependency-graph: 1.0.0
      picocolors: 1.1.1
      postcss: 8.5.29
      postcss-load-config: 6.0.1(postcss@8.5.29)
      postcss-reporter: 7.1.0(postcss@8.5.29)
      pretty-hrtime: 1.0.3
      read-cache: 1.0.2
      slash: 5.1.0
      tinyglobby: 0.2.17
      yargs: 18.2.0
    transitivePeerDependencies:
      - jiti
      - tsx
      - yaml

  postcss-colormin@9.0.7(postcss@8.5.29):
    dependencies:
      '@colordx/core': 7.3.0
      '@csstools/css-tokenizer': 4.0.2
      browserslist: 4.29.3
      caniuse-api: 4.0.0
      cssnano-utils: 8.2.1(postcss@8.5.29)
      postcss: 8.5.29

  postcss-convert-values@9.0.8(postcss@8.5.29):
    dependencies:
      browserslist: 4.29.3
      cssnano-utils: 8.2.1(postcss@8.5.29)
      postcss: 8.5.29

  postcss-discard-comments@9.0.7(postcss@8.5.29):
    dependencies:
      '@csstools/css-tokenizer': 4.0.2
      cssnano-utils: 8.2.1(postcss@8.5.29)
      postcss: 8.5.29

  postcss-discard-duplicates@9.0.6(postcss@8.5.29):
    dependencies:
      cssnano-utils: 8.2.1(postcss@8.5.29)
      postcss: 8.5.29

  postcss-discard-empty@9.0.7(postcss@8.5.29):
    dependencies:
      cssnano-utils: 8.2.1(postcss@8.5.29)
      postcss: 8.5.29

  postcss-discard-overridden@9.0.6(postcss@8.5.29):
    dependencies:
      postcss: 8.5.29

  postcss-import@17.0.0(postcss@8.5.29):
    dependencies:
      postcss: 8.5.29
      postcss-value-parser: 4.2.0
      read-cache: 1.0.2
      resolve: 1.22.13

  postcss-load-config@6.0.1(postcss@8.5.29):
    dependencies:
      lilconfig: 3.1.3
    optionalDependencies:
      postcss: 8.5.29

  postcss-merge-longhand@9.3.0(postcss@8.5.29):
    dependencies:
      '@csstools/css-tokenizer': 4.0.2
      browserslist: 4.29.3
      cssnano-utils: 8.2.1(postcss@8.5.29)
      postcss: 8.5.29
      stylehacks: 9.0.8(postcss@8.5.29)

  postcss-merge-rules@9.1.3(postcss@8.5.29):
    dependencies:
      '@csstools/css-tokenizer': 4.0.2
      browserslist: 4.29.3
      caniuse-api: 4.0.0
      cssnano-utils: 8.2.1(postcss@8.5.29)
      postcss: 8.5.29
      postcss-minify-selectors: 9.0.7(postcss@8.5.29)

  postcss-minify-font-values@9.0.8(postcss@8.5.29):
    dependencies:
      '@csstools/css-tokenizer': 4.0.2
      cssnano-utils: 8.2.1(postcss@8.5.29)
      postcss: 8.5.29

  postcss-minify-gradients@9.0.7(postcss@8.5.29):
    dependencies:
      '@colordx/core': 7.3.0
      '@csstools/css-tokenizer': 4.0.2
      cssnano-utils: 8.2.1(postcss@8.5.29)
      postcss: 8.5.29

  postcss-minify-params@9.0.7(postcss@8.5.29):
    dependencies:
      browserslist: 4.29.3
      cssnano-utils: 8.2.1(postcss@8.5.29)
      postcss: 8.5.29

  postcss-minify-selectors@9.0.7(postcss@8.5.29):
    dependencies:
      browserslist: 4.29.3
      caniuse-api: 4.0.0
      cssesc: 3.0.0
      cssnano-utils: 8.2.1(postcss@8.5.29)
      postcss: 8.5.29

  postcss-normalize-charset@9.0.6(postcss@8.5.29):
    dependencies:
      postcss: 8.5.29

  postcss-normalize-display-values@9.0.6(postcss@8.5.29):
    dependencies:
      '@csstools/css-tokenizer': 4.0.2
      cssnano-utils: 8.2.1(postcss@8.5.29)
      postcss: 8.5.29

  postcss-normalize-positions@9.0.7(postcss@8.5.29):
    dependencies:
      cssnano-utils: 8.2.1(postcss@8.5.29)
      postcss: 8.5.29

  postcss-normalize-repeat-style@9.0.6(postcss@8.5.29):
    dependencies:
      cssnano-utils: 8.2.1(postcss@8.5.29)
      postcss: 8.5.29

  postcss-normalize-string@9.0.6(postcss@8.5.29):
    dependencies:
      '@csstools/css-tokenizer': 4.0.2
      postcss: 8.5.29

  postcss-normalize-timing-functions@9.0.6(postcss@8.5.29):
    dependencies:
      '@csstools/css-tokenizer': 4.0.2
      cssnano-utils: 8.2.1(postcss@8.5.29)
      postcss: 8.5.29

  postcss-normalize-unicode@9.1.0(postcss@8.5.29):
    dependencies:
      '@csstools/css-tokenizer': 4.0.2
      browserslist: 4.29.3
      cssnano-utils: 8.2.1(postcss@8.5.29)
      postcss: 8.5.29

  postcss-normalize-url@9.0.6(postcss@8.5.29):
    dependencies:
      '@csstools/css-tokenizer': 4.0.2
      cssnano-utils: 8.2.1(postcss@8.5.29)
      postcss: 8.5.29

  postcss-normalize-whitespace@9.0.7(postcss@8.5.29):
    dependencies:
      '@csstools/css-tokenizer': 4.0.2
      cssnano-utils: 8.2.1(postcss@8.5.29)
      postcss: 8.5.29

  postcss-ordered-values@9.0.8(postcss@8.5.29):
    dependencies:
      cssnano-utils: 8.2.1(postcss@8.5.29)
      postcss: 8.5.29

  postcss-reduce-initial@9.0.7(postcss@8.5.29):
    dependencies:
      browserslist: 4.29.3
      caniuse-api: 4.0.0
      postcss: 8.5.29

  postcss-reduce-transforms@9.0.5(postcss@8.5.29):
    dependencies:
      cssnano-utils: 8.2.1(postcss@8.5.29)
      postcss: 8.5.29

  postcss-reporter@7.1.0(postcss@8.5.29):
    dependencies:
      picocolors: 1.1.1
      postcss: 8.5.29
      thenby: 1.4.1

  postcss-svgo@9.0.5(postcss@8.5.29):
    dependencies:
      '@csstools/css-tokenizer': 4.0.2
      cssnano-utils: 8.2.1(postcss@8.5.29)
      postcss: 8.5.29
      svgo: 4.1.0

  postcss-unique-selectors@9.0.6(postcss@8.5.29):
    dependencies:
      '@csstools/css-tokenizer': 4.0.2
      postcss: 8.5.29

  postcss-value-parser@4.2.0: {}

  postcss@8.5.29:
    dependencies:
      nanoid: 3.3.20
      picocolors: 1.1.1
      source-map-js: 1.2.2

  pretty-hrtime@1.0.3: {}

  read-cache@1.0.2: {}

  readdirp@5.1.1: {}

  resolve@1.22.13:
    dependencies:
      es-errors: 1.3.0
      is-core-module: 2.17.0
      path-parse: 1.0.7
      supports-preserve-symlinks-flag: 1.0.0

  sax@1.6.1: {}

  slash@5.1.0: {}

  source-map-js@1.2.2: {}

  string-width@7.2.0:
    dependencies:
      emoji-regex: 10.6.0
      get-east-asian-width: 1.7.0
      strip-ansi: 7.2.0

  string-width@8.3.0:
    dependencies:
      get-east-asian-width: 1.7.0
      strip-ansi: 7.2.0

  strip-ansi@7.2.0:
    dependencies:
      ansi-regex: 6.4.0

  stylehacks@9.0.8(postcss@8.5.29):
    dependencies:
      '@csstools/css-tokenizer': 4.0.2
      browserslist: 4.29.3
      postcss: 8.5.29

  supports-preserve-symlinks-flag@1.0.0: {}

  svgo@4.1.0:
    dependencies:
      commander: 11.1.0
      css-select: 6.0.0
      css-tree: 3.2.1
      css-what: 7.0.0
      csso: 5.0.5
      picocolors: 1.1.1
      sax: 1.6.1

  thenby@1.4.1: {}

  tinyglobby@0.2.17:
    dependencies:
      fdir: 6.5.0(picomatch@4.0.7)
      picomatch: 4.0.7

  update-browserslist-db@1.3.4(browserslist@4.29.3):
    dependencies:
      browserslist: 4.29.3
      escalade: 3.2.0
      picocolors: 1.1.1

  wrap-ansi@9.0.2:
    dependencies:
      ansi-styles: 6.2.3
      string-width: 7.2.0
      strip-ansi: 7.2.0

  y18n@5.0.8: {}

  yargs-parser@22.0.0: {}

  yargs@18.2.0:
    dependencies:
      cliui: 9.0.1
      escalade: 3.2.0
      get-caller-file: 2.0.5
      string-width: 8.3.0
      y18n: 5.0.8
      yargs-parser: 22.0.0
